
Microsoft Visual Studio Solution File, Format Version 12.00
# Visual Studio Version 16
VisualStudioVersion = 16.0.31112.23
MinimumVisualStudioVersion = 10.0.40219.1
Project("{8BC9CEB8-8B4A-11D0-8D11-00A0C91BC942}") = "Listing 7.14", "Listing 7.14.vcxproj", "{96262A47-CB6F-4E88-BF79-CB6489633331}"
EndProject
Global
	GlobalSection(SolutionConfigurationPlatforms) = preSolution
		Debug|x64 = Debug|x64
		Debug|x86 = Debug|x86
		Release|x64 = Release|x64
		Release|x86 = Release|x86
	EndGlobalSection
	GlobalSection(ProjectConfigurationPlatforms) = postSolution
		{96262A47-CB6F-4E88-BF79-CB6489633331}.Debug|x64.ActiveCfg = Debug|x64
		{96262A47-CB6F-4E88-BF79-CB6489633331}.Debug|x64.Build.0 = Debug|x64
		{96262A47-CB6F-4E88-BF79-CB6489633331}.Debug|x86.ActiveCfg = Debug|Win32
		{96262A47-CB6F-4E88-BF79-CB6489633331}.Debug|x86.Build.0 = Debug|Win32
		{96262A47-CB6F-4E88-BF79-CB6489633331}.Release|x64.ActiveCfg = Release|x64
		{96262A47-CB6F-4E88-BF79-CB6489633331}.Release|x64.Build.0 = Release|x64
		{96262A47-CB6F-4E88-BF79-CB6489633331}.Release|x86.ActiveCfg = Release|Win32
		{96262A47-CB6F-4E88-BF79-CB6489633331}.Release|x86.Build.0 = Release|Win32
	EndGlobalSection
	GlobalSection(SolutionProperties) = preSolution
		HideSolutionNode = FALSE
	EndGlobalSection
	GlobalSection(ExtensibilityGlobals) = postSolution
		SolutionGuid = {70BD5F74-A771-45B2-9656-6A9725D02C95}
	EndGlobalSection
EndGlobal
