
Microsoft Visual Studio Solution File, Format Version 12.00
# Visual Studio Version 17
VisualStudioVersion = 17.1.32210.238
MinimumVisualStudioVersion = 10.0.40219.1
Project("{8BC9CEB8-8B4A-11D0-8D11-00A0C91BC942}") = "Listing 14.21", "Listing 14.21\Listing 14.21.vcxproj", "{F17EDD1D-4930-42D6-A4E6-1BC5575D8B63}"
EndProject
Global
	GlobalSection(SolutionConfigurationPlatforms) = preSolution
		Debug|x64 = Debug|x64
		Debug|x86 = Debug|x86
		Release|x64 = Release|x64
		Release|x86 = Release|x86
	EndGlobalSection
	GlobalSection(ProjectConfigurationPlatforms) = postSolution
		{F17EDD1D-4930-42D6-A4E6-1BC5575D8B63}.Debug|x64.ActiveCfg = Debug|x64
		{F17EDD1D-4930-42D6-A4E6-1BC5575D8B63}.Debug|x64.Build.0 = Debug|x64
		{F17EDD1D-4930-42D6-A4E6-1BC5575D8B63}.Debug|x86.ActiveCfg = Debug|Win32
		{F17EDD1D-4930-42D6-A4E6-1BC5575D8B63}.Debug|x86.Build.0 = Debug|Win32
		{F17EDD1D-4930-42D6-A4E6-1BC5575D8B63}.Release|x64.ActiveCfg = Release|x64
		{F17EDD1D-4930-42D6-A4E6-1BC5575D8B63}.Release|x64.Build.0 = Release|x64
		{F17EDD1D-4930-42D6-A4E6-1BC5575D8B63}.Release|x86.ActiveCfg = Release|Win32
		{F17EDD1D-4930-42D6-A4E6-1BC5575D8B63}.Release|x86.Build.0 = Release|Win32
	EndGlobalSection
	GlobalSection(SolutionProperties) = preSolution
		HideSolutionNode = FALSE
	EndGlobalSection
	GlobalSection(ExtensibilityGlobals) = postSolution
		SolutionGuid = {E877EE5D-026C-4F0B-95CE-A5C66B051546}
	EndGlobalSection
EndGlobal
