
Microsoft Visual Studio Solution File, Format Version 12.00
# Visual Studio Version 17
VisualStudioVersion = 17.0.32014.148
MinimumVisualStudioVersion = 10.0.40219.1
Project("{8BC9CEB8-8B4A-11D0-8D11-00A0C91BC942}") = "Cw 5", "Cw 5.vcxproj", "{48198E78-5E4F-4AC8-8C5F-2086DD07B9FE}"
EndProject
Global
	GlobalSection(SolutionConfigurationPlatforms) = preSolution
		Debug|x64 = Debug|x64
		Debug|x86 = Debug|x86
		Release|x64 = Release|x64
		Release|x86 = Release|x86
	EndGlobalSection
	GlobalSection(ProjectConfigurationPlatforms) = postSolution
		{48198E78-5E4F-4AC8-8C5F-2086DD07B9FE}.Debug|x64.ActiveCfg = Debug|x64
		{48198E78-5E4F-4AC8-8C5F-2086DD07B9FE}.Debug|x64.Build.0 = Debug|x64
		{48198E78-5E4F-4AC8-8C5F-2086DD07B9FE}.Debug|x86.ActiveCfg = Debug|Win32
		{48198E78-5E4F-4AC8-8C5F-2086DD07B9FE}.Debug|x86.Build.0 = Debug|Win32
		{48198E78-5E4F-4AC8-8C5F-2086DD07B9FE}.Release|x64.ActiveCfg = Release|x64
		{48198E78-5E4F-4AC8-8C5F-2086DD07B9FE}.Release|x64.Build.0 = Release|x64
		{48198E78-5E4F-4AC8-8C5F-2086DD07B9FE}.Release|x86.ActiveCfg = Release|Win32
		{48198E78-5E4F-4AC8-8C5F-2086DD07B9FE}.Release|x86.Build.0 = Release|Win32
	EndGlobalSection
	GlobalSection(SolutionProperties) = preSolution
		HideSolutionNode = FALSE
	EndGlobalSection
	GlobalSection(ExtensibilityGlobals) = postSolution
		SolutionGuid = {78953D18-1B79-4D90-A283-71DC5530AA76}
	EndGlobalSection
EndGlobal
