
Microsoft Visual Studio Solution File, Format Version 12.00
# Visual Studio Version 17
VisualStudioVersion = 17.1.32210.238
MinimumVisualStudioVersion = 10.0.40219.1
Project("{8BC9CEB8-8B4A-11D0-8D11-00A0C91BC942}") = "Listing 14.13", "Listing 14.13\Listing 14.13.vcxproj", "{4F173F31-62EF-48BA-BC91-F842303D3179}"
EndProject
Global
	GlobalSection(SolutionConfigurationPlatforms) = preSolution
		Debug|x64 = Debug|x64
		Debug|x86 = Debug|x86
		Release|x64 = Release|x64
		Release|x86 = Release|x86
	EndGlobalSection
	GlobalSection(ProjectConfigurationPlatforms) = postSolution
		{4F173F31-62EF-48BA-BC91-F842303D3179}.Debug|x64.ActiveCfg = Debug|x64
		{4F173F31-62EF-48BA-BC91-F842303D3179}.Debug|x64.Build.0 = Debug|x64
		{4F173F31-62EF-48BA-BC91-F842303D3179}.Debug|x86.ActiveCfg = Debug|Win32
		{4F173F31-62EF-48BA-BC91-F842303D3179}.Debug|x86.Build.0 = Debug|Win32
		{4F173F31-62EF-48BA-BC91-F842303D3179}.Release|x64.ActiveCfg = Release|x64
		{4F173F31-62EF-48BA-BC91-F842303D3179}.Release|x64.Build.0 = Release|x64
		{4F173F31-62EF-48BA-BC91-F842303D3179}.Release|x86.ActiveCfg = Release|Win32
		{4F173F31-62EF-48BA-BC91-F842303D3179}.Release|x86.Build.0 = Release|Win32
	EndGlobalSection
	GlobalSection(SolutionProperties) = preSolution
		HideSolutionNode = FALSE
	EndGlobalSection
	GlobalSection(ExtensibilityGlobals) = postSolution
		SolutionGuid = {D53BBD27-6D75-4C17-9AEE-D34BDB849B21}
	EndGlobalSection
EndGlobal
