
Microsoft Visual Studio Solution File, Format Version 12.00
# Visual Studio Version 16
VisualStudioVersion = 16.0.31112.23
MinimumVisualStudioVersion = 10.0.40219.1
Project("{8BC9CEB8-8B4A-11D0-8D11-00A0C91BC942}") = "Listing 8.6", "Listing 8.6.vcxproj", "{988BF8FB-C9E3-43E8-AEA1-45819E1C2783}"
EndProject
Global
	GlobalSection(SolutionConfigurationPlatforms) = preSolution
		Debug|x64 = Debug|x64
		Debug|x86 = Debug|x86
		Release|x64 = Release|x64
		Release|x86 = Release|x86
	EndGlobalSection
	GlobalSection(ProjectConfigurationPlatforms) = postSolution
		{988BF8FB-C9E3-43E8-AEA1-45819E1C2783}.Debug|x64.ActiveCfg = Debug|x64
		{988BF8FB-C9E3-43E8-AEA1-45819E1C2783}.Debug|x64.Build.0 = Debug|x64
		{988BF8FB-C9E3-43E8-AEA1-45819E1C2783}.Debug|x86.ActiveCfg = Debug|Win32
		{988BF8FB-C9E3-43E8-AEA1-45819E1C2783}.Debug|x86.Build.0 = Debug|Win32
		{988BF8FB-C9E3-43E8-AEA1-45819E1C2783}.Release|x64.ActiveCfg = Release|x64
		{988BF8FB-C9E3-43E8-AEA1-45819E1C2783}.Release|x64.Build.0 = Release|x64
		{988BF8FB-C9E3-43E8-AEA1-45819E1C2783}.Release|x86.ActiveCfg = Release|Win32
		{988BF8FB-C9E3-43E8-AEA1-45819E1C2783}.Release|x86.Build.0 = Release|Win32
	EndGlobalSection
	GlobalSection(SolutionProperties) = preSolution
		HideSolutionNode = FALSE
	EndGlobalSection
	GlobalSection(ExtensibilityGlobals) = postSolution
		SolutionGuid = {3CA62A7D-3E30-4CEB-A935-A676629CF387}
	EndGlobalSection
EndGlobal
